
Microsoft Visual Studio Solution File, Format Version 12.00
# Visual Studio 2013
VisualStudioVersion = 12.0.21005.1
MinimumVisualStudioVersion = 10.0.40219.1
Project("{FAE04EC0-301F-11D3-BF4B-00C04F79EFBC}") = "RiMoST", "RiMoST\RiMoST.csproj", "{EAEA9619-7835-40BB-8EEE-DD253F4C52E1}"
EndProject
Global
	GlobalSection(SolutionConfigurationPlatforms) = preSolution
		BackOffice|Any CPU = BackOffice|Any CPU
		Debug|Any CPU = Debug|Any CPU
		FrontOffice|Any CPU = FrontOffice|Any CPU
		MiddleOffice|Any CPU = MiddleOffice|Any CPU
		Portafoglio|Any CPU = Portafoglio|Any CPU
		Release|Any CPU = Release|Any CPU
	EndGlobalSection
	GlobalSection(ProjectConfigurationPlatforms) = postSolution
		{EAEA9619-7835-40BB-8EEE-DD253F4C52E1}.BackOffice|Any CPU.ActiveCfg = BackOffice|Any CPU
		{EAEA9619-7835-40BB-8EEE-DD253F4C52E1}.BackOffice|Any CPU.Build.0 = BackOffice|Any CPU
		{EAEA9619-7835-40BB-8EEE-DD253F4C52E1}.Debug|Any CPU.ActiveCfg = Debug|Any CPU
		{EAEA9619-7835-40BB-8EEE-DD253F4C52E1}.Debug|Any CPU.Build.0 = Debug|Any CPU
		{EAEA9619-7835-40BB-8EEE-DD253F4C52E1}.FrontOffice|Any CPU.ActiveCfg = FrontOffice|Any CPU
		{EAEA9619-7835-40BB-8EEE-DD253F4C52E1}.FrontOffice|Any CPU.Build.0 = FrontOffice|Any CPU
		{EAEA9619-7835-40BB-8EEE-DD253F4C52E1}.MiddleOffice|Any CPU.ActiveCfg = MiddleOffice|Any CPU
		{EAEA9619-7835-40BB-8EEE-DD253F4C52E1}.MiddleOffice|Any CPU.Build.0 = MiddleOffice|Any CPU
		{EAEA9619-7835-40BB-8EEE-DD253F4C52E1}.Portafoglio|Any CPU.ActiveCfg = Portafoglio|Any CPU
		{EAEA9619-7835-40BB-8EEE-DD253F4C52E1}.Portafoglio|Any CPU.Build.0 = Portafoglio|Any CPU
		{EAEA9619-7835-40BB-8EEE-DD253F4C52E1}.Release|Any CPU.ActiveCfg = Release|Any CPU
		{EAEA9619-7835-40BB-8EEE-DD253F4C52E1}.Release|Any CPU.Build.0 = Release|Any CPU
	EndGlobalSection
	GlobalSection(SolutionProperties) = preSolution
		HideSolutionNode = FALSE
	EndGlobalSection
EndGlobal
